
Microsoft Visual Studio Solution File, Format Version 12.00
# Visual Studio Version 16
VisualStudioVersion = 16.0.30011.22
MinimumVisualStudioVersion = 10.0.40219.1
Project("{FAE04EC0-301F-11D3-BF4B-00C04F79EFBC}") = "TrackerUI", "TrackerUI\TrackerUI.csproj", "{1C14A2E9-9143-4456-A3F2-37B4D7F193FE}"
EndProject
Global
	GlobalSection(SolutionConfigurationPlatforms) = preSolution
		Debug|Any CPU = Debug|Any CPU
		Release|Any CPU = Release|Any CPU
	EndGlobalSection
	GlobalSection(ProjectConfigurationPlatforms) = postSolution
		{1C14A2E9-9143-4456-A3F2-37B4D7F193FE}.Debug|Any CPU.ActiveCfg = Debug|Any CPU
		{1C14A2E9-9143-4456-A3F2-37B4D7F193FE}.Debug|Any CPU.Build.0 = Debug|Any CPU
		{1C14A2E9-9143-4456-A3F2-37B4D7F193FE}.Release|Any CPU.ActiveCfg = Release|Any CPU
		{1C14A2E9-9143-4456-A3F2-37B4D7F193FE}.Release|Any CPU.Build.0 = Release|Any CPU
	EndGlobalSection
	GlobalSection(SolutionProperties) = preSolution
		HideSolutionNode = FALSE
	EndGlobalSection
	GlobalSection(ExtensibilityGlobals) = postSolution
		SolutionGuid = {B2E471A6-1541-430A-B9C7-95E96AEFF2AE}
	EndGlobalSection
EndGlobal
